
Microsoft Visual Studio Solution File, Format Version 12.00
# Visual Studio Version 16
VisualStudioVersion = 16.0.808.0
MinimumVisualStudioVersion = 10.0.40219.1
Project("{2150E333-8FDC-42A3-9474-1A3956D46DE8}") = "Core", "Core", "{23F19D40-FCF7-4E14-99DA-D45C2934EE42}"
EndProject
Project("{2150E333-8FDC-42A3-9474-1A3956D46DE8}") = "Infrastructure", "Infrastructure", "{B8941528-ACD7-4FA9-89F5-5EF7E73DF4E8}"
EndProject
Project("{2150E333-8FDC-42A3-9474-1A3956D46DE8}") = "WebApi", "WebApi", "{4FF4B324-A388-4AE7-977F-A4F8FE26AF2B}"
EndProject
Project("{9A19103F-16F7-4668-BE54-9A1E7A4F7556}") = "Core.Entity", "Core.Entity\Core.Entity.csproj", "{7590A75D-FD72-4E78-ABE6-849CF98BB324}"
EndProject
Project("{9A19103F-16F7-4668-BE54-9A1E7A4F7556}") = "StudyBuddy.Core", "StudyBuddy.Core\StudyBuddy.Core.csproj", "{321E0BD3-5A70-4A60-AA8B-9699ACE32947}"
EndProject
Project("{9A19103F-16F7-4668-BE54-9A1E7A4F7556}") = "Infrastructure.Data", "Infrastructure.Data\Infrastructure.Data.csproj", "{2F439F07-231B-497A-8307-6EDC7F190317}"
EndProject
Project("{2150E333-8FDC-42A3-9474-1A3956D46DE8}") = "Test", "Test", "{B01583BE-1046-475A-8AB3-78A10FC7B102}"
EndProject
Project("{9A19103F-16F7-4668-BE54-9A1E7A4F7556}") = "StudyBuddyTest", "StudyBuddyTest\StudyBuddyTest.csproj", "{930701E0-4701-4726-838D-341A78B5CA67}"
EndProject
Project("{9344BDBB-3E7F-41FC-A0DD-8665D75EE146}") = "StudyBuddy.WebApi", "StudyBuddy.WebApi\StudyBuddy.WebApi.csproj", "{6CC87079-32DB-4B15-AE77-15E5A4B38D80}"
EndProject
Global
	GlobalSection(SolutionConfigurationPlatforms) = preSolution
		Debug|Any CPU = Debug|Any CPU
		Release|Any CPU = Release|Any CPU
	EndGlobalSection
	GlobalSection(ProjectConfigurationPlatforms) = postSolution
		{7590A75D-FD72-4E78-ABE6-849CF98BB324}.Debug|Any CPU.ActiveCfg = Debug|Any CPU
		{7590A75D-FD72-4E78-ABE6-849CF98BB324}.Debug|Any CPU.Build.0 = Debug|Any CPU
		{7590A75D-FD72-4E78-ABE6-849CF98BB324}.Release|Any CPU.ActiveCfg = Release|Any CPU
		{7590A75D-FD72-4E78-ABE6-849CF98BB324}.Release|Any CPU.Build.0 = Release|Any CPU
		{321E0BD3-5A70-4A60-AA8B-9699ACE32947}.Debug|Any CPU.ActiveCfg = Debug|Any CPU
		{321E0BD3-5A70-4A60-AA8B-9699ACE32947}.Debug|Any CPU.Build.0 = Debug|Any CPU
		{321E0BD3-5A70-4A60-AA8B-9699ACE32947}.Release|Any CPU.ActiveCfg = Release|Any CPU
		{321E0BD3-5A70-4A60-AA8B-9699ACE32947}.Release|Any CPU.Build.0 = Release|Any CPU
		{2F439F07-231B-497A-8307-6EDC7F190317}.Debug|Any CPU.ActiveCfg = Debug|Any CPU
		{2F439F07-231B-497A-8307-6EDC7F190317}.Debug|Any CPU.Build.0 = Debug|Any CPU
		{2F439F07-231B-497A-8307-6EDC7F190317}.Release|Any CPU.ActiveCfg = Release|Any CPU
		{2F439F07-231B-497A-8307-6EDC7F190317}.Release|Any CPU.Build.0 = Release|Any CPU
		{930701E0-4701-4726-838D-341A78B5CA67}.Debug|Any CPU.ActiveCfg = Debug|Any CPU
		{930701E0-4701-4726-838D-341A78B5CA67}.Debug|Any CPU.Build.0 = Debug|Any CPU
		{930701E0-4701-4726-838D-341A78B5CA67}.Release|Any CPU.ActiveCfg = Release|Any CPU
		{930701E0-4701-4726-838D-341A78B5CA67}.Release|Any CPU.Build.0 = Release|Any CPU
		{6CC87079-32DB-4B15-AE77-15E5A4B38D80}.Debug|Any CPU.ActiveCfg = Debug|Any CPU
		{6CC87079-32DB-4B15-AE77-15E5A4B38D80}.Debug|Any CPU.Build.0 = Debug|Any CPU
		{6CC87079-32DB-4B15-AE77-15E5A4B38D80}.Release|Any CPU.ActiveCfg = Release|Any CPU
		{6CC87079-32DB-4B15-AE77-15E5A4B38D80}.Release|Any CPU.Build.0 = Release|Any CPU
	EndGlobalSection
	GlobalSection(SolutionProperties) = preSolution
		HideSolutionNode = FALSE
	EndGlobalSection
	GlobalSection(NestedProjects) = preSolution
		{7590A75D-FD72-4E78-ABE6-849CF98BB324} = {23F19D40-FCF7-4E14-99DA-D45C2934EE42}
		{321E0BD3-5A70-4A60-AA8B-9699ACE32947} = {23F19D40-FCF7-4E14-99DA-D45C2934EE42}
		{2F439F07-231B-497A-8307-6EDC7F190317} = {B8941528-ACD7-4FA9-89F5-5EF7E73DF4E8}
		{930701E0-4701-4726-838D-341A78B5CA67} = {B01583BE-1046-475A-8AB3-78A10FC7B102}
		{6CC87079-32DB-4B15-AE77-15E5A4B38D80} = {4FF4B324-A388-4AE7-977F-A4F8FE26AF2B}
	EndGlobalSection
	GlobalSection(ExtensibilityGlobals) = postSolution
		SolutionGuid = {9458C6DE-648A-445C-A57F-D2F4CD2E011A}
	EndGlobalSection
EndGlobal
